
Microsoft Visual Studio Solution File, Format Version 12.00
# Visual Studio Version 16
VisualStudioVersion = 16.0.31702.278
MinimumVisualStudioVersion = 10.0.40219.1
Project("{9A19103F-16F7-4668-BE54-9A1E7A4F7556}") = "BattleLAN", "BattleLAN.csproj", "{EAD43716-C7F6-421A-AF11-2178B5713FDF}"
EndProject
Global
	GlobalSection(SolutionConfigurationPlatforms) = preSolution
		Debug|Any CPU = Debug|Any CPU
		Release|Any CPU = Release|Any CPU
	EndGlobalSection
	GlobalSection(ProjectConfigurationPlatforms) = postSolution
		{EAD43716-C7F6-421A-AF11-2178B5713FDF}.Debug|Any CPU.ActiveCfg = Debug|Any CPU
		{EAD43716-C7F6-421A-AF11-2178B5713FDF}.Debug|Any CPU.Build.0 = Debug|Any CPU
		{EAD43716-C7F6-421A-AF11-2178B5713FDF}.Release|Any CPU.ActiveCfg = Release|Any CPU
		{EAD43716-C7F6-421A-AF11-2178B5713FDF}.Release|Any CPU.Build.0 = Release|Any CPU
	EndGlobalSection
	GlobalSection(SolutionProperties) = preSolution
		HideSolutionNode = FALSE
	EndGlobalSection
	GlobalSection(ExtensibilityGlobals) = postSolution
		SolutionGuid = {B068BF19-9FAF-40D4-BDEF-B4EDA0990CE8}
	EndGlobalSection
EndGlobal
